Microsoft Visual Studio Solution File, Format Version 12.00
# Visual Studio Version 17
VisualStudioVersion = 17.0.31903.59
MinimumVisualStudioVersion = 10.0.40219.1
Project("{FAE04EC0-301F-11D3-BF4B-00C04F79EFBC}") = "Engine.Core", "src/Engine.Core/Engine.Core.csproj", "{1E0B11F9-4E5D-4A0C-BCC1-0A4FA55F9E11}"
EndProject
Project("{FAE04EC0-301F-11D3-BF4B-00C04F79EFBC}") = "LocalTesting", "src/LocalTesting/LocalTesting.csproj", "{52590B5A-B2A7-4A55-9CFC-57D9B2A15E2E}"
EndProject
Global
	GlobalSection(SolutionConfigurationPlatforms) = preSolution
		Debug|Any CPU = Debug|Any CPU
		Release|Any CPU = Release|Any CPU
	EndGlobalSection
	GlobalSection(ProjectConfigurationPlatforms) = postSolution
		{1E0B11F9-4E5D-4A0C-BCC1-0A4FA55F9E11}.Debug|Any CPU.ActiveCfg = Debug|Any CPU
		{1E0B11F9-4E5D-4A0C-BCC1-0A4FA55F9E11}.Debug|Any CPU.Build.0 = Debug|Any CPU
		{1E0B11F9-4E5D-4A0C-BCC1-0A4FA55F9E11}.Release|Any CPU.ActiveCfg = Release|Any CPU
		{1E0B11F9-4E5D-4A0C-BCC1-0A4FA55F9E11}.Release|Any CPU.Build.0 = Release|Any CPU
		{52590B5A-B2A7-4A55-9CFC-57D9B2A15E2E}.Debug|Any CPU.ActiveCfg = Debug|Any CPU
		{52590B5A-B2A7-4A55-9CFC-57D9B2A15E2E}.Debug|Any CPU.Build.0 = Debug|Any CPU
		{52590B5A-B2A7-4A55-9CFC-57D9B2A15E2E}.Release|Any CPU.ActiveCfg = Release|Any CPU
		{52590B5A-B2A7-4A55-9CFC-57D9B2A15E2E}.Release|Any CPU.Build.0 = Release|Any CPU
	EndGlobalSection
	GlobalSection(SolutionProperties) = preSolution
		HideSolutionNode = FALSE
	EndGlobalSection
EndGlobal
